PODS:
  - MIKMIDI (1.7.1)
  - SocketRocket (0.7.1)

DEPENDENCIES:
  - MIKMIDI (= 1.7.1)
  - SocketRocket (= 0.7.1)

SPEC REPOS:
  https://github.com/CocoaPods/Specs.git:
    - MIKMIDI
    - SocketRocket

SPEC CHECKSUMS:
  MIKMIDI: f53dca2f372e71183ecdd2b35c984c1c2cd11cbc
  SocketRocket: d4aabe649be1e368d1318fdf28a022d714d65748

PODFILE CHECKSUM: f8e91cef51aa963ed5284b13bddf0070f90608bd

COCOAPODS: 1.16.2
