// !$*UTF8*$!
{
	archiveVersion = 1;
	classes = {
	};
	objectVersion = 77;
	objects = {

/* Begin PBXBuildFile section */
		040FCDC6934A8E5BCA3139C6 /* init.lua in Resources */ = {isa = PBXBuildFile; fileRef = 11256AA04535A4C45352A810 /* init.lua */; };
		062CF2A0BABC1EE30DB5AE7F /* Hammerspoon_UITests.m in Sources */ = {isa = PBXBuildFile; fileRef = CA0A6339A9A2C5B26F103ABE /* Hammerspoon_UITests.m */; };
		0B603B0154A95968F14BCF8B /* docs.css in CopyFiles */ = {isa = PBXBuildFile; fileRef = 620C0E7B0D2D7B2038F1CCA7 /* docs.css */; };
		1E781930828594F187C320CD /* index.lp in CopyFiles */ = {isa = PBXBuildFile; fileRef = CDC769812F4CE054D84E0993 /* index.lp */; };
		1EDC5302DCEEF1F3B6AA5933 /* hs.man in CopyFiles */ = {isa = PBXBuildFile; fileRef = DC6F44F455EB6887D2832049 /* hs.man */; };
		22FE4F06F4788A4DB5C338BD /* HammerspoonLibs in Frameworks */ = {isa = PBXBuildFile; productRef = D2F7722F519FFBDA7A46798A /* HammerspoonLibs */; };
		2B13633AC0BE02FAABB3D0D4 /* Spoon.icns in Resources */ = {isa = PBXBuildFile; fileRef = 74DED0DBE1D1D084CB1EE074 /* Spoon.icns */; };
		2F4A72960392393F3367B723 /* search.lp in CopyFiles */ = {isa = PBXBuildFile; fileRef = 282273497D99869A2C28370F /* search.lp */; };
		34B0262A2450968BF78E8F8B /* init.lua in CopyFiles */ = {isa = PBXBuildFile; fileRef = C76964381604EE2440BDDE11 /* init.lua */; };
		35454B9EA6AF544740272271 /* module.lp in CopyFiles */ = {isa = PBXBuildFile; fileRef = 40FBF034E35E291C42BE08CC /* module.lp */; };
		3737B6CB16D02390EFF0FD87 /* gfm.lp in CopyFiles */ = {isa = PBXBuildFile; fileRef = 314D50EF2F34FD18B86DC778 /* gfm.lp */; };
		3865A8D37F08AC270E2D6347 /* index.md in CopyFiles */ = {isa = PBXBuildFile; fileRef = 62E41880B7A8F4BFEC5D577A /* index.md */; };
		45B3437574CCB6080161AB44 /* lua.json in Resources */ = {isa = PBXBuildFile; fileRef = 4330D83A363A5EB8E908A019 /* lua.json */; };
		47DFF6F13CA106D069301CE8 /* Credits.rtf in Resources */ = {isa = PBXBuildFile; fileRef = 11B7765C37B9312E98D437A9 /* Credits.rtf */; };
		480F90BE5B2A0D0C5C77D900 /* setup.lua in Resources */ = {isa = PBXBuildFile; fileRef = D1181D77449A8CECDFF90D0B /* setup.lua */; };
		7040AB6BB64C0EE7B1363908 /* sample.lp in CopyFiles */ = {isa = PBXBuildFile; fileRef = C98E71FA0C71FB79F5EC2A3F /* sample.lp */; };
		7532FA9F9044B792E87681AD /* common.lp in CopyFiles */ = {isa = PBXBuildFile; fileRef = 78DF42F762BCF5752F36FC4F /* common.lp */; };
		820A14CBDD0C5068C74DACA6 /* timeout3 in Resources */ = {isa = PBXBuildFile; fileRef = 74EF648099FA3A10D992699D /* timeout3 */; };
		9D27BEC4F5C146BCF1770A15 /* index.md in CopyFiles */ = {isa = PBXBuildFile; fileRef = 662E50755E98D1EB1F5A3D5A /* index.md */; };
		9F909624AA7B363F8F8447A6 /* docs.json in Resources */ = {isa = PBXBuildFile; fileRef = D0ADCCC3AEBE0C6CAF9FBC61 /* docs.json */; };
		A26D96DF5144D190C069D8EE /* functions.md in CopyFiles */ = {isa = PBXBuildFile; fileRef = 77F217A0D5C32DDACE4CC582 /* functions.md */; };
		A62BE3FE0AC372245B0F9E0F /* form.lp in CopyFiles */ = {isa = PBXBuildFile; fileRef = 7A2D59F47C9837A3DD371E0E /* form.lp */; };
		B26255969201B4631E9B43BF /* main.swift in Sources */ = {isa = PBXBuildFile; fileRef = 2B5B7FA7435B9E9918DC5AFC /* main.swift */; };
		C491E59964084D1E4F136242 /* statusicon.pdf in Resources */ = {isa = PBXBuildFile; fileRef = 1345979785C9468666ED0336 /* statusicon.pdf */; };
		D5CAA053AB2182CD02A56B49 /* templates.md in CopyFiles */ = {isa = PBXBuildFile; fileRef = F57CB9EE58C64137A932F589 /* templates.md */; };
		DB0B2BAB80283C1FBB13702E /* Hammerspoon.icns in Resources */ = {isa = PBXBuildFile; fileRef = B20A5CBDD1952D8D89384E95 /* Hammerspoon.icns */; };
		E6E23C3532AE6F971EB0C864 /* Hammerspoon.sdef in Resources */ = {isa = PBXBuildFile; fileRef = 8771EBA9A71A8EBB055FDD54 /* Hammerspoon.sdef */; };
/* End PBXBuildFile section */

/* Begin PBXContainerItemProxy section */
		2D96A05964969BC82248A7D3 /* PBXContainerItemProxy */ = {
			isa = PBXContainerItemProxy;
			containerPortal = 8112A2FF7DE18F4240DCA856 /* Project object */;
			proxyType = 1;
			remoteGlobalIDString = A202A81D3FA7EB445109F68B;
			remoteInfo = Hammerspoon;
		};
/* End PBXContainerItemProxy section */

/* Begin PBXCopyFilesBuildPhase section */
		9DEE090706E4B0E59BEF0ECE /* CopyFiles */ = {
			isa = PBXCopyFilesBuildPhase;
			buildActionMask = 2147483647;
			dstPath = extensions/hs/hsdocs/hsminweb;
			dstSubfolderSpec = 7;
			files = (
				A26D96DF5144D190C069D8EE /* functions.md in CopyFiles */,
				3865A8D37F08AC270E2D6347 /* index.md in CopyFiles */,
				D5CAA053AB2182CD02A56B49 /* templates.md in CopyFiles */,
			);
			runOnlyForDeploymentPostprocessing = 0;
		};
		C57CFD108D1B97A7C14EF2EE /* CopyFiles */ = {
			isa = PBXCopyFilesBuildPhase;
			buildActionMask = 2147483647;
			dstPath = man;
			dstSubfolderSpec = 7;
			files = (
				1EDC5302DCEEF1F3B6AA5933 /* hs.man in CopyFiles */,
			);
			runOnlyForDeploymentPostprocessing = 0;
		};
		CABBCD5E4E2B4EB61CAC65A3 /* CopyFiles */ = {
			isa = PBXCopyFilesBuildPhase;
			buildActionMask = 2147483647;
			dstPath = extensions/hs/hsdocs;
			dstSubfolderSpec = 7;
			files = (
				7532FA9F9044B792E87681AD /* common.lp in CopyFiles */,
				0B603B0154A95968F14BCF8B /* docs.css in CopyFiles */,
				A62BE3FE0AC372245B0F9E0F /* form.lp in CopyFiles */,
				3737B6CB16D02390EFF0FD87 /* gfm.lp in CopyFiles */,
				1E781930828594F187C320CD /* index.lp in CopyFiles */,
				9D27BEC4F5C146BCF1770A15 /* index.md in CopyFiles */,
				34B0262A2450968BF78E8F8B /* init.lua in CopyFiles */,
				35454B9EA6AF544740272271 /* module.lp in CopyFiles */,
				7040AB6BB64C0EE7B1363908 /* sample.lp in CopyFiles */,
				2F4A72960392393F3367B723 /* search.lp in CopyFiles */,
			);
			runOnlyForDeploymentPostprocessing = 0;
		};
/* End PBXCopyFilesBuildPhase section */

/* Begin PBXFileReference section */
		0652D1CD6FEBBA7ABD854E90 /* Info.plist */ = {isa = PBXFileReference; lastKnownFileType = text.plist; path = Info.plist; sourceTree = "<group>"; };
		11256AA04535A4C45352A810 /* init.lua */ = {isa = PBXFileReference; path = init.lua; sourceTree = "<group>"; };
		11B7765C37B9312E98D437A9 /* Credits.rtf */ = {isa = PBXFileReference; lastKnownFileType = text.rtf; path = Credits.rtf; sourceTree = "<group>"; };
		1345979785C9468666ED0336 /* statusicon.pdf */ = {isa = PBXFileReference; lastKnownFileType = image.pdf; path = statusicon.pdf; sourceTree = "<group>"; };
		282273497D99869A2C28370F /* search.lp */ = {isa = PBXFileReference; lastKnownFileType = sourcecode.lex; path = search.lp; sourceTree = "<group>"; };
		2B5B7FA7435B9E9918DC5AFC /* main.swift */ = {isa = PBXFileReference; lastKnownFileType = sourcecode.swift; path = main.swift; sourceTree = "<group>"; };
		314D50EF2F34FD18B86DC778 /* gfm.lp */ = {isa = PBXFileReference; lastKnownFileType = sourcecode.lex; path = gfm.lp; sourceTree = "<group>"; };
		339C9D26A017E4626CA16D2D /* Hammerspoon UI Tests.xctest */ = {isa = PBXFileReference; explicitFileType = wrapper.cfbundle; includeInIndex = 0; path = "Hammerspoon UI Tests.xctest"; sourceTree = BUILT_PRODUCTS_DIR; };
		34526E3FD5D8974B2636CC6D /* Hammerspoon.app */ = {isa = PBXFileReference; explicitFileType = wrapper.application; includeInIndex = 0; path = Hammerspoon.app; sourceTree = BUILT_PRODUCTS_DIR; };
		40FBF034E35E291C42BE08CC /* module.lp */ = {isa = PBXFileReference; lastKnownFileType = sourcecode.lex; path = module.lp; sourceTree = "<group>"; };
		4330D83A363A5EB8E908A019 /* lua.json */ = {isa = PBXFileReference; lastKnownFileType = text.json; path = lua.json; sourceTree = "<group>"; };
		620C0E7B0D2D7B2038F1CCA7 /* docs.css */ = {isa = PBXFileReference; lastKnownFileType = text.css; path = docs.css; sourceTree = "<group>"; };
		62E41880B7A8F4BFEC5D577A /* index.md */ = {isa = PBXFileReference; lastKnownFileType = net.daringfireball.markdown; path = index.md; sourceTree = "<group>"; };
		662E50755E98D1EB1F5A3D5A /* index.md */ = {isa = PBXFileReference; lastKnownFileType = net.daringfireball.markdown; path = index.md; sourceTree = "<group>"; };
		74DED0DBE1D1D084CB1EE074 /* Spoon.icns */ = {isa = PBXFileReference; lastKnownFileType = image.icns; path = Spoon.icns; sourceTree = "<group>"; };
		74EF648099FA3A10D992699D /* timeout3 */ = {isa = PBXFileReference; path = timeout3; sourceTree = "<group>"; };
		77F217A0D5C32DDACE4CC582 /* functions.md */ = {isa = PBXFileReference; lastKnownFileType = net.daringfireball.markdown; path = functions.md; sourceTree = "<group>"; };
		78DF42F762BCF5752F36FC4F /* common.lp */ = {isa = PBXFileReference; lastKnownFileType = sourcecode.lex; path = common.lp; sourceTree = "<group>"; };
		7A2D59F47C9837A3DD371E0E /* form.lp */ = {isa = PBXFileReference; lastKnownFileType = sourcecode.lex; path = form.lp; sourceTree = "<group>"; };
		8771EBA9A71A8EBB055FDD54 /* Hammerspoon.sdef */ = {isa = PBXFileReference; path = Hammerspoon.sdef; sourceTree = "<group>"; };
		8A6F8CE636A99F70B8DA22A3 /* Hammerspoon-Base.xcconfig */ = {isa = PBXFileReference; lastKnownFileType = text.xcconfig; path = "Hammerspoon-Base.xcconfig"; sourceTree = "<group>"; };
		ACC50DAC4A9978E81CA5EF16 /* Hammerspoon-Profile.xcconfig */ = {isa = PBXFileReference; lastKnownFileType = text.xcconfig; path = "Hammerspoon-Profile.xcconfig"; sourceTree = "<group>"; };
		B20A5CBDD1952D8D89384E95 /* Hammerspoon.icns */ = {isa = PBXFileReference; lastKnownFileType = image.icns; path = Hammerspoon.icns; sourceTree = "<group>"; };
		C76964381604EE2440BDDE11 /* init.lua */ = {isa = PBXFileReference; path = init.lua; sourceTree = "<group>"; };
		C98E71FA0C71FB79F5EC2A3F /* sample.lp */ = {isa = PBXFileReference; lastKnownFileType = sourcecode.lex; path = sample.lp; sourceTree = "<group>"; };
		CA0A6339A9A2C5B26F103ABE /* Hammerspoon_UITests.m */ = {isa = PBXFileReference; lastKnownFileType = sourcecode.c.objc; path = Hammerspoon_UITests.m; sourceTree = "<group>"; };
		CDC769812F4CE054D84E0993 /* index.lp */ = {isa = PBXFileReference; lastKnownFileType = sourcecode.lex; path = index.lp; sourceTree = "<group>"; };
		D0ADCCC3AEBE0C6CAF9FBC61 /* docs.json */ = {isa = PBXFileReference; lastKnownFileType = text.json; path = docs.json; sourceTree = "<group>"; };
		D1181D77449A8CECDFF90D0B /* setup.lua */ = {isa = PBXFileReference; path = setup.lua; sourceTree = "<group>"; };
		D2EB5E99A9A1B8C013DBF0D4 /* Packages */ = {isa = PBXFileReference; lastKnownFileType = folder; name = Packages; path = Packages; sourceTree = SOURCE_ROOT; };
		DC6F44F455EB6887D2832049 /* hs.man */ = {isa = PBXFileReference; path = hs.man; sourceTree = "<group>"; };
		F57CB9EE58C64137A932F589 /* templates.md */ = {isa = PBXFileReference; lastKnownFileType = net.daringfireball.markdown; path = templates.md; sourceTree = "<group>"; };
/* End PBXFileReference section */

/* Begin PBXFrameworksBuildPhase section */
		6184A249A02930CD63D20971 /* Frameworks */ = {
			isa = PBXFrameworksBuildPhase;
			buildActionMask = 2147483647;
			files = (
				22FE4F06F4788A4DB5C338BD /* HammerspoonLibs in Frameworks */,
			);
			runOnlyForDeploymentPostprocessing = 0;
		};
/* End PBXFrameworksBuildPhase section */

/* Begin PBXGroup section */
		1E0EA494EF6EFE6513A72975 /* Packages */ = {
			isa = PBXGroup;
			children = (
				D2EB5E99A9A1B8C013DBF0D4 /* Packages */,
			);
			path = Packages;
			sourceTree = "<group>";
		};
		29B2063A7B6B08DD252FA5BF /* Xcode */ = {
			isa = PBXGroup;
			children = (
				2B5B7FA7435B9E9918DC5AFC /* main.swift */,
			);
			path = Xcode;
			sourceTree = "<group>";
		};
		342733EFF37572D1B711F847 /* Products */ = {
			isa = PBXGroup;
			children = (
				339C9D26A017E4626CA16D2D /* Hammerspoon UI Tests.xctest */,
				34526E3FD5D8974B2636CC6D /* Hammerspoon.app */,
			);
			name = Products;
			sourceTree = "<group>";
		};
		35487D1BFA0F32AD09FB7981 /* hsminweb */ = {
			isa = PBXGroup;
			children = (
				77F217A0D5C32DDACE4CC582 /* functions.md */,
				62E41880B7A8F4BFEC5D577A /* index.md */,
				F57CB9EE58C64137A932F589 /* templates.md */,
			);
			name = hsminweb;
			path = extensions/doc/hsdocs/hsminweb;
			sourceTree = "<group>";
		};
		5F7666BF8C5200B25535EF92 = {
			isa = PBXGroup;
			children = (
				693AF9333B563BF76F46DF62 /* build */,
				FF9E508BAC5606D83FC4366A /* Build Configs */,
				A9701BC56637C4E11C83E2BE /* cli */,
				A5787FF176450A32D181915E /* doc */,
				CD278B4747D15BE2974C7E21 /* Hammerspoon */,
				B98B4197D7607708616FF881 /* HammerspoonUITests */,
				9844E8D86A2B600BA76744AD /* hsdocs */,
				35487D1BFA0F32AD09FB7981 /* hsminweb */,
				A9FA590C0226011895788ED6 /* httpserver */,
				1E0EA494EF6EFE6513A72975 /* Packages */,
				CF900F2A3B87545D688A7EE3 /* templates */,
				29B2063A7B6B08DD252FA5BF /* Xcode */,
				342733EFF37572D1B711F847 /* Products */,
			);
			sourceTree = "<group>";
		};
		693AF9333B563BF76F46DF62 /* build */ = {
			isa = PBXGroup;
			children = (
				D0ADCCC3AEBE0C6CAF9FBC61 /* docs.json */,
			);
			path = build;
			sourceTree = "<group>";
		};
		9844E8D86A2B600BA76744AD /* hsdocs */ = {
			isa = PBXGroup;
			children = (
				78DF42F762BCF5752F36FC4F /* common.lp */,
				7A2D59F47C9837A3DD371E0E /* form.lp */,
				314D50EF2F34FD18B86DC778 /* gfm.lp */,
				CDC769812F4CE054D84E0993 /* index.lp */,
				662E50755E98D1EB1F5A3D5A /* index.md */,
				C76964381604EE2440BDDE11 /* init.lua */,
				40FBF034E35E291C42BE08CC /* module.lp */,
				C98E71FA0C71FB79F5EC2A3F /* sample.lp */,
				282273497D99869A2C28370F /* search.lp */,
			);
			name = hsdocs;
			path = extensions/doc/hsdocs;
			sourceTree = "<group>";
		};
		A5787FF176450A32D181915E /* doc */ = {
			isa = PBXGroup;
			children = (
				4330D83A363A5EB8E908A019 /* lua.json */,
			);
			name = doc;
			path = extensions/doc;
			sourceTree = "<group>";
		};
		A9701BC56637C4E11C83E2BE /* cli */ = {
			isa = PBXGroup;
			children = (
				DC6F44F455EB6887D2832049 /* hs.man */,
			);
			name = cli;
			path = extensions/ipc/cli;
			sourceTree = "<group>";
		};
		A9FA590C0226011895788ED6 /* httpserver */ = {
			isa = PBXGroup;
			children = (
				74EF648099FA3A10D992699D /* timeout3 */,
			);
			name = httpserver;
			path = extensions/httpserver;
			sourceTree = "<group>";
		};
		B98B4197D7607708616FF881 /* HammerspoonUITests */ = {
			isa = PBXGroup;
			children = (
				CA0A6339A9A2C5B26F103ABE /* Hammerspoon_UITests.m */,
				0652D1CD6FEBBA7ABD854E90 /* Info.plist */,
				11256AA04535A4C45352A810 /* init.lua */,
			);
			path = HammerspoonUITests;
			sourceTree = "<group>";
		};
		CD278B4747D15BE2974C7E21 /* Hammerspoon */ = {
			isa = PBXGroup;
			children = (
				11B7765C37B9312E98D437A9 /* Credits.rtf */,
				B20A5CBDD1952D8D89384E95 /* Hammerspoon.icns */,
				8771EBA9A71A8EBB055FDD54 /* Hammerspoon.sdef */,
				D1181D77449A8CECDFF90D0B /* setup.lua */,
				74DED0DBE1D1D084CB1EE074 /* Spoon.icns */,
				1345979785C9468666ED0336 /* statusicon.pdf */,
			);
			path = Hammerspoon;
			sourceTree = "<group>";
		};
		CF900F2A3B87545D688A7EE3 /* templates */ = {
			isa = PBXGroup;
			children = (
				620C0E7B0D2D7B2038F1CCA7 /* docs.css */,
			);
			name = templates;
			path = scripts/docs/templates;
			sourceTree = "<group>";
		};
		FF9E508BAC5606D83FC4366A /* Build Configs */ = {
			isa = PBXGroup;
			children = (
				8A6F8CE636A99F70B8DA22A3 /* Hammerspoon-Base.xcconfig */,
				ACC50DAC4A9978E81CA5EF16 /* Hammerspoon-Profile.xcconfig */,
			);
			name = "Build Configs";
			path = "Hammerspoon/Build Configs";
			sourceTree = "<group>";
		};
/* End PBXGroup section */

/* Begin PBXNativeTarget section */
		A202A81D3FA7EB445109F68B /* Hammerspoon */ = {
			isa = PBXNativeTarget;
			buildConfigurationList = A1F37B2D938EC0A3E66CCE1A /* Build configuration list for PBXNativeTarget "Hammerspoon" */;
			buildPhases = (
				085A765A35AFADE2006DB182 /* Sources */,
				98E73E08A8C8B62D324D27AF /* Resources */,
				CABBCD5E4E2B4EB61CAC65A3 /* CopyFiles */,
				C57CFD108D1B97A7C14EF2EE /* CopyFiles */,
				9DEE090706E4B0E59BEF0ECE /* CopyFiles */,
				6184A249A02930CD63D20971 /* Frameworks */,
			);
			buildRules = (
			);
			dependencies = (
			);
			name = Hammerspoon;
			packageProductDependencies = (
				D2F7722F519FFBDA7A46798A /* HammerspoonLibs */,
			);
			productName = Hammerspoon;
			productReference = 34526E3FD5D8974B2636CC6D /* Hammerspoon.app */;
			productType = "com.apple.product-type.application";
		};
		DD43489822D53616E74FE625 /* Hammerspoon UI Tests */ = {
			isa = PBXNativeTarget;
			buildConfigurationList = DFBBE25F85DFA5F15B7881CA /* Build configuration list for PBXNativeTarget "Hammerspoon UI Tests" */;
			buildPhases = (
				D5BCFB723854B823DA2CE51C /* Sources */,
				F0FFB3B6AF37D1FA241FCE4C /* Resources */,
			);
			buildRules = (
			);
			dependencies = (
				63DECD296F22BBF081115714 /* PBXTargetDependency */,
			);
			name = "Hammerspoon UI Tests";
			packageProductDependencies = (
			);
			productName = "Hammerspoon UI Tests";
			productReference = 339C9D26A017E4626CA16D2D /* Hammerspoon UI Tests.xctest */;
			productType = "com.apple.product-type.bundle.ui-testing";
		};
/* End PBXNativeTarget section */

/* Begin PBXProject section */
		8112A2FF7DE18F4240DCA856 /* Project object */ = {
			isa = PBXProject;
			attributes = {
				BuildIndependentTargetsInParallel = YES;
				LastUpgradeCheck = 1600;
				TargetAttributes = {
					DD43489822D53616E74FE625 = {
						TestTargetID = A202A81D3FA7EB445109F68B;
					};
				};
			};
			buildConfigurationList = C2CDE25051B3BA17D949CF65 /* Build configuration list for PBXProject "Hammerspoon" */;
			developmentRegion = en;
			hasScannedForEncodings = 0;
			knownRegions = (
				Base,
				en,
			);
			mainGroup = 5F7666BF8C5200B25535EF92;
			minimizedProjectReferenceProxies = 1;
			packageReferences = (
				99FEA0BABC2BD21AB187C2E0 /* XCLocalSwiftPackageReference "Packages" */,
			);
			preferredProjectObjectVersion = 77;
			productRefGroup = 342733EFF37572D1B711F847 /* Products */;
			projectDirPath = "";
			projectRoot = "";
			targets = (
				A202A81D3FA7EB445109F68B /* Hammerspoon */,
				DD43489822D53616E74FE625 /* Hammerspoon UI Tests */,
			);
		};
/* End PBXProject section */

/* Begin PBXResourcesBuildPhase section */
		98E73E08A8C8B62D324D27AF /* Resources */ = {
			isa = PBXResourcesBuildPhase;
			buildActionMask = 2147483647;
			files = (
				47DFF6F13CA106D069301CE8 /* Credits.rtf in Resources */,
				DB0B2BAB80283C1FBB13702E /* Hammerspoon.icns in Resources */,
				E6E23C3532AE6F971EB0C864 /* Hammerspoon.sdef in Resources */,
				2B13633AC0BE02FAABB3D0D4 /* Spoon.icns in Resources */,
				9F909624AA7B363F8F8447A6 /* docs.json in Resources */,
				45B3437574CCB6080161AB44 /* lua.json in Resources */,
				480F90BE5B2A0D0C5C77D900 /* setup.lua in Resources */,
				C491E59964084D1E4F136242 /* statusicon.pdf in Resources */,
				820A14CBDD0C5068C74DACA6 /* timeout3 in Resources */,
			);
			runOnlyForDeploymentPostprocessing = 0;
		};
		F0FFB3B6AF37D1FA241FCE4C /* Resources */ = {
			isa = PBXResourcesBuildPhase;
			buildActionMask = 2147483647;
			files = (
				040FCDC6934A8E5BCA3139C6 /* init.lua in Resources */,
			);
			runOnlyForDeploymentPostprocessing = 0;
		};
/* End PBXResourcesBuildPhase section */

/* Begin PBXSourcesBuildPhase section */
		085A765A35AFADE2006DB182 /* Sources */ = {
			isa = PBXSourcesBuildPhase;
			buildActionMask = 2147483647;
			files = (
				B26255969201B4631E9B43BF /* main.swift in Sources */,
			);
			runOnlyForDeploymentPostprocessing = 0;
		};
		D5BCFB723854B823DA2CE51C /* Sources */ = {
			isa = PBXSourcesBuildPhase;
			buildActionMask = 2147483647;
			files = (
				062CF2A0BABC1EE30DB5AE7F /* Hammerspoon_UITests.m in Sources */,
			);
			runOnlyForDeploymentPostprocessing = 0;
		};
/* End PBXSourcesBuildPhase section */

/* Begin PBXTargetDependency section */
		63DECD296F22BBF081115714 /* PBXTargetDependency */ = {
			isa = PBXTargetDependency;
			target = A202A81D3FA7EB445109F68B /* Hammerspoon */;
			targetProxy = 2D96A05964969BC82248A7D3 /* PBXContainerItemProxy */;
		};
/* End PBXTargetDependency section */

/* Begin XCBuildConfiguration section */
		5DC8881395908A1C69D0BBCA /* Debug */ = {
			isa = XCBuildConfiguration;
			baseConfigurationReference = 8A6F8CE636A99F70B8DA22A3 /* Hammerspoon-Base.xcconfig */;
			buildSettings = {
				ASSETCATALOG_COMPILER_APPICON_NAME = AppIcon;
				COMBINE_HIDPI_IMAGES = YES;
				ENABLE_DEBUG_DYLIB = NO;
				LD_RUNPATH_SEARCH_PATHS = (
					"$(inherited)",
					"@executable_path/../Frameworks",
				);
				SDKROOT = macosx;
			};
			name = Debug;
		};
		5DFA70EF824FA9BA190773E6 /* Profile */ = {
			isa = XCBuildConfiguration;
			baseConfigurationReference = ACC50DAC4A9978E81CA5EF16 /* Hammerspoon-Profile.xcconfig */;
			buildSettings = {
				ASSETCATALOG_COMPILER_APPICON_NAME = AppIcon;
				COMBINE_HIDPI_IMAGES = YES;
				ENABLE_DEBUG_DYLIB = NO;
				LD_RUNPATH_SEARCH_PATHS = (
					"$(inherited)",
					"@executable_path/../Frameworks",
				);
				SDKROOT = macosx;
			};
			name = Profile;
		};
		74CF80ECADB01C2937E8E896 /* Debug */ = {
			isa = XCBuildConfiguration;
			buildSettings = {
				ALWAYS_SEARCH_USER_PATHS = NO;
				CLANG_ANALYZER_NONNULL = YES;
				CLANG_ANALYZER_NUMBER_OBJECT_CONVERSION = YES_AGGRESSIVE;
				CLANG_CXX_LANGUAGE_STANDARD = "gnu++14";
				CLANG_CXX_LIBRARY = "libc++";
				CLANG_ENABLE_MODULES = YES;
				CLANG_ENABLE_OBJC_ARC = YES;
				CLANG_ENABLE_OBJC_WEAK = YES;
				CLANG_WARN_BLOCK_CAPTURE_AUTORELEASING = YES;
				CLANG_WARN_BOOL_CONVERSION = YES;
				CLANG_WARN_COMMA = YES;
				CLANG_WARN_CONSTANT_CONVERSION = YES;
				CLANG_WARN_DEPRECATED_OBJC_IMPLEMENTATIONS = YES;
				CLANG_WARN_DIRECT_OBJC_ISA_USAGE = YES_ERROR;
				CLANG_WARN_DOCUMENTATION_COMMENTS = YES;
				CLANG_WARN_EMPTY_BODY = YES;
				CLANG_WARN_ENUM_CONVERSION = YES;
				CLANG_WARN_INFINITE_RECURSION = YES;
				CLANG_WARN_INT_CONVERSION = YES;
				CLANG_WARN_NON_LITERAL_NULL_CONVERSION = YES;
				CLANG_WARN_OBJC_IMPLICIT_RETAIN_SELF = YES;
				CLANG_WARN_OBJC_LITERAL_CONVERSION = YES;
				CLANG_WARN_OBJC_ROOT_CLASS = YES_ERROR;
				CLANG_WARN_QUOTED_INCLUDE_IN_FRAMEWORK_HEADER = YES;
				CLANG_WARN_RANGE_LOOP_ANALYSIS = YES;
				CLANG_WARN_STRICT_PROTOTYPES = YES;
				CLANG_WARN_SUSPICIOUS_MOVE = YES;
				CLANG_WARN_UNGUARDED_AVAILABILITY = YES_AGGRESSIVE;
				CLANG_WARN_UNREACHABLE_CODE = YES;
				CLANG_WARN__DUPLICATE_METHOD_MATCH = YES;
				COPY_PHASE_STRIP = NO;
				DEBUG_INFORMATION_FORMAT = dwarf;
				ENABLE_STRICT_OBJC_MSGSEND = YES;
				ENABLE_TESTABILITY = YES;
				GCC_C_LANGUAGE_STANDARD = gnu11;
				GCC_DYNAMIC_NO_PIC = NO;
				GCC_NO_COMMON_BLOCKS = YES;
				GCC_OPTIMIZATION_LEVEL = 0;
				GCC_PREPROCESSOR_DEFINITIONS = (
					"$(inherited)",
					"DEBUG=1",
				);
				GCC_WARN_64_TO_32_BIT_CONVERSION = YES;
				GCC_WARN_ABOUT_RETURN_TYPE = YES_ERROR;
				GCC_WARN_UNDECLARED_SELECTOR = YES;
				GCC_WARN_UNINITIALIZED_AUTOS = YES_AGGRESSIVE;
				GCC_WARN_UNUSED_FUNCTION = YES;
				GCC_WARN_UNUSED_VARIABLE = YES;
				MACOSX_DEPLOYMENT_TARGET = 26.0;
				MTL_ENABLE_DEBUG_INFO = INCLUDE_SOURCE;
				MTL_FAST_MATH = YES;
				ONLY_ACTIVE_ARCH = YES;
				PRODUCT_NAME = "$(TARGET_NAME)";
				SDKROOT = macosx;
				SWIFT_ACTIVE_COMPILATION_CONDITIONS = DEBUG;
				SWIFT_OPTIMIZATION_LEVEL = "-Onone";
				SWIFT_VERSION = 5.0;
			};
			name = Debug;
		};
		7B9FDED367AECE82A847E8A6 /* Debug */ = {
			isa = XCBuildConfiguration;
			buildSettings = {
				BUNDLE_LOADER = "$(TEST_HOST)";
				COMBINE_HIDPI_IMAGES = YES;
				INFOPLIST_FILE = HammerspoonUITests/Info.plist;
				LD_RUNPATH_SEARCH_PATHS = (
					"$(inherited)",
					"@executable_path/../Frameworks",
					"@loader_path/../Frameworks",
				);
				PRODUCT_BUNDLE_IDENTIFIER = org.hammerspoon.HammerspoonUITests;
				SDKROOT = macosx;
				TEST_TARGET_NAME = Hammerspoon;
			};
			name = Debug;
		};
		DD1B683B643A60F154E31FE1 /* Profile */ = {
			isa = XCBuildConfiguration;
			buildSettings = {
				BUNDLE_LOADER = "$(TEST_HOST)";
				COMBINE_HIDPI_IMAGES = YES;
				INFOPLIST_FILE = HammerspoonUITests/Info.plist;
				LD_RUNPATH_SEARCH_PATHS = (
					"$(inherited)",
					"@executable_path/../Frameworks",
					"@loader_path/../Frameworks",
				);
				PRODUCT_BUNDLE_IDENTIFIER = org.hammerspoon.HammerspoonUITests;
				SDKROOT = macosx;
				TEST_TARGET_NAME = Hammerspoon;
			};
			name = Profile;
		};
		E554CF96C73A3F2A51AA3281 /* Release */ = {
			isa = XCBuildConfiguration;
			buildSettings = {
				ASSETCATALOG_COMPILER_APPICON_NAME = AppIcon;
				COMBINE_HIDPI_IMAGES = YES;
				ENABLE_DEBUG_DYLIB = NO;
				GCC_OPTIMIZATION_LEVEL = s;
				LD_RUNPATH_SEARCH_PATHS = (
					"$(inherited)",
					"@executable_path/../Frameworks",
				);
				PRODUCT_BUNDLE_IDENTIFIER = org.hammerspoon.Hammerspoon;
				SDKROOT = macosx;
			};
			name = Release;
		};
		EDAFFB10D4CD980028ED0B2B /* Release */ = {
			isa = XCBuildConfiguration;
			buildSettings = {
				BUNDLE_LOADER = "$(TEST_HOST)";
				COMBINE_HIDPI_IMAGES = YES;
				INFOPLIST_FILE = HammerspoonUITests/Info.plist;
				LD_RUNPATH_SEARCH_PATHS = (
					"$(inherited)",
					"@executable_path/../Frameworks",
					"@loader_path/../Frameworks",
				);
				PRODUCT_BUNDLE_IDENTIFIER = org.hammerspoon.HammerspoonUITests;
				SDKROOT = macosx;
				TEST_TARGET_NAME = Hammerspoon;
			};
			name = Release;
		};
		EF36D01FFE23F5490E5C2021 /* Profile */ = {
			isa = XCBuildConfiguration;
			buildSettings = {
				ALWAYS_SEARCH_USER_PATHS = NO;
				CLANG_ANALYZER_NONNULL = YES;
				CLANG_ANALYZER_NUMBER_OBJECT_CONVERSION = YES_AGGRESSIVE;
				CLANG_CXX_LANGUAGE_STANDARD = "gnu++14";
				CLANG_CXX_LIBRARY = "libc++";
				CLANG_ENABLE_MODULES = YES;
				CLANG_ENABLE_OBJC_ARC = YES;
				CLANG_ENABLE_OBJC_WEAK = YES;
				CLANG_WARN_BLOCK_CAPTURE_AUTORELEASING = YES;
				CLANG_WARN_BOOL_CONVERSION = YES;
				CLANG_WARN_COMMA = YES;
				CLANG_WARN_CONSTANT_CONVERSION = YES;
				CLANG_WARN_DEPRECATED_OBJC_IMPLEMENTATIONS = YES;
				CLANG_WARN_DIRECT_OBJC_ISA_USAGE = YES_ERROR;
				CLANG_WARN_DOCUMENTATION_COMMENTS = YES;
				CLANG_WARN_EMPTY_BODY = YES;
				CLANG_WARN_ENUM_CONVERSION = YES;
				CLANG_WARN_INFINITE_RECURSION = YES;
				CLANG_WARN_INT_CONVERSION = YES;
				CLANG_WARN_NON_LITERAL_NULL_CONVERSION = YES;
				CLANG_WARN_OBJC_IMPLICIT_RETAIN_SELF = YES;
				CLANG_WARN_OBJC_LITERAL_CONVERSION = YES;
				CLANG_WARN_OBJC_ROOT_CLASS = YES_ERROR;
				CLANG_WARN_QUOTED_INCLUDE_IN_FRAMEWORK_HEADER = YES;
				CLANG_WARN_RANGE_LOOP_ANALYSIS = YES;
				CLANG_WARN_STRICT_PROTOTYPES = YES;
				CLANG_WARN_SUSPICIOUS_MOVE = YES;
				CLANG_WARN_UNGUARDED_AVAILABILITY = YES_AGGRESSIVE;
				CLANG_WARN_UNREACHABLE_CODE = YES;
				CLANG_WARN__DUPLICATE_METHOD_MATCH = YES;
				COPY_PHASE_STRIP = NO;
				DEBUG_INFORMATION_FORMAT = dwarf;
				ENABLE_STRICT_OBJC_MSGSEND = YES;
				ENABLE_TESTABILITY = YES;
				GCC_C_LANGUAGE_STANDARD = gnu11;
				GCC_DYNAMIC_NO_PIC = NO;
				GCC_NO_COMMON_BLOCKS = YES;
				GCC_OPTIMIZATION_LEVEL = 0;
				GCC_PREPROCESSOR_DEFINITIONS = (
					"$(inherited)",
					"DEBUG=1",
				);
				GCC_WARN_64_TO_32_BIT_CONVERSION = YES;
				GCC_WARN_ABOUT_RETURN_TYPE = YES_ERROR;
				GCC_WARN_UNDECLARED_SELECTOR = YES;
				GCC_WARN_UNINITIALIZED_AUTOS = YES_AGGRESSIVE;
				GCC_WARN_UNUSED_FUNCTION = YES;
				GCC_WARN_UNUSED_VARIABLE = YES;
				MACOSX_DEPLOYMENT_TARGET = 26.0;
				MTL_ENABLE_DEBUG_INFO = INCLUDE_SOURCE;
				MTL_FAST_MATH = YES;
				ONLY_ACTIVE_ARCH = YES;
				PRODUCT_NAME = "$(TARGET_NAME)";
				SDKROOT = macosx;
				SWIFT_ACTIVE_COMPILATION_CONDITIONS = DEBUG;
				SWIFT_OPTIMIZATION_LEVEL = "-Onone";
				SWIFT_VERSION = 5.0;
			};
			name = Profile;
		};
		F84E2104F230DE8278446C23 /* Release */ = {
			isa = XCBuildConfiguration;
			buildSettings = {
				ALWAYS_SEARCH_USER_PATHS = NO;
				CLANG_ANALYZER_NONNULL = YES;
				CLANG_ANALYZER_NUMBER_OBJECT_CONVERSION = YES_AGGRESSIVE;
				CLANG_CXX_LANGUAGE_STANDARD = "gnu++14";
				CLANG_CXX_LIBRARY = "libc++";
				CLANG_ENABLE_MODULES = YES;
				CLANG_ENABLE_OBJC_ARC = YES;
				CLANG_ENABLE_OBJC_WEAK = YES;
				CLANG_WARN_BLOCK_CAPTURE_AUTORELEASING = YES;
				CLANG_WARN_BOOL_CONVERSION = YES;
				CLANG_WARN_COMMA = YES;
				CLANG_WARN_CONSTANT_CONVERSION = YES;
				CLANG_WARN_DEPRECATED_OBJC_IMPLEMENTATIONS = YES;
				CLANG_WARN_DIRECT_OBJC_ISA_USAGE = YES_ERROR;
				CLANG_WARN_DOCUMENTATION_COMMENTS = YES;
				CLANG_WARN_EMPTY_BODY = YES;
				CLANG_WARN_ENUM_CONVERSION = YES;
				CLANG_WARN_INFINITE_RECURSION = YES;
				CLANG_WARN_INT_CONVERSION = YES;
				CLANG_WARN_NON_LITERAL_NULL_CONVERSION = YES;
				CLANG_WARN_OBJC_IMPLICIT_RETAIN_SELF = YES;
				CLANG_WARN_OBJC_LITERAL_CONVERSION = YES;
				CLANG_WARN_OBJC_ROOT_CLASS = YES_ERROR;
				CLANG_WARN_QUOTED_INCLUDE_IN_FRAMEWORK_HEADER = YES;
				CLANG_WARN_RANGE_LOOP_ANALYSIS = YES;
				CLANG_WARN_STRICT_PROTOTYPES = YES;
				CLANG_WARN_SUSPICIOUS_MOVE = YES;
				CLANG_WARN_UNGUARDED_AVAILABILITY = YES_AGGRESSIVE;
				CLANG_WARN_UNREACHABLE_CODE = YES;
				CLANG_WARN__DUPLICATE_METHOD_MATCH = YES;
				COPY_PHASE_STRIP = NO;
				DEBUG_INFORMATION_FORMAT = "dwarf-with-dsym";
				ENABLE_NS_ASSERTIONS = NO;
				ENABLE_STRICT_OBJC_MSGSEND = YES;
				GCC_C_LANGUAGE_STANDARD = gnu11;
				GCC_NO_COMMON_BLOCKS = YES;
				GCC_OPTIMIZATION_LEVEL = s;
				GCC_WARN_64_TO_32_BIT_CONVERSION = YES;
				GCC_WARN_ABOUT_RETURN_TYPE = YES_ERROR;
				GCC_WARN_UNDECLARED_SELECTOR = YES;
				GCC_WARN_UNINITIALIZED_AUTOS = YES_AGGRESSIVE;
				GCC_WARN_UNUSED_FUNCTION = YES;
				GCC_WARN_UNUSED_VARIABLE = YES;
				MACOSX_DEPLOYMENT_TARGET = 26.0;
				MTL_ENABLE_DEBUG_INFO = NO;
				MTL_FAST_MATH = YES;
				PRODUCT_NAME = "$(TARGET_NAME)";
				SDKROOT = macosx;
				SWIFT_COMPILATION_MODE = wholemodule;
				SWIFT_OPTIMIZATION_LEVEL = "-O";
				SWIFT_VERSION = 5.0;
			};
			name = Release;
		};
/* End XCBuildConfiguration section */

/* Begin XCConfigurationList section */
		A1F37B2D938EC0A3E66CCE1A /* Build configuration list for PBXNativeTarget "Hammerspoon" */ = {
			isa = XCConfigurationList;
			buildConfigurations = (
				5DC8881395908A1C69D0BBCA /* Debug */,
				5DFA70EF824FA9BA190773E6 /* Profile */,
				E554CF96C73A3F2A51AA3281 /* Release */,
			);
			defaultConfigurationIsVisible = 0;
			defaultConfigurationName = Debug;
		};
		C2CDE25051B3BA17D949CF65 /* Build configuration list for PBXProject "Hammerspoon" */ = {
			isa = XCConfigurationList;
			buildConfigurations = (
				74CF80ECADB01C2937E8E896 /* Debug */,
				EF36D01FFE23F5490E5C2021 /* Profile */,
				F84E2104F230DE8278446C23 /* Release */,
			);
			defaultConfigurationIsVisible = 0;
			defaultConfigurationName = Debug;
		};
		DFBBE25F85DFA5F15B7881CA /* Build configuration list for PBXNativeTarget "Hammerspoon UI Tests" */ = {
			isa = XCConfigurationList;
			buildConfigurations = (
				7B9FDED367AECE82A847E8A6 /* Debug */,
				DD1B683B643A60F154E31FE1 /* Profile */,
				EDAFFB10D4CD980028ED0B2B /* Release */,
			);
			defaultConfigurationIsVisible = 0;
			defaultConfigurationName = Debug;
		};
/* End XCConfigurationList section */

/* Begin XCLocalSwiftPackageReference section */
		99FEA0BABC2BD21AB187C2E0 /* XCLocalSwiftPackageReference "Packages" */ = {
			isa = XCLocalSwiftPackageReference;
			relativePath = Packages;
		};
/* End XCLocalSwiftPackageReference section */

/* Begin XCSwiftPackageProductDependency section */
		D2F7722F519FFBDA7A46798A /* HammerspoonLibs */ = {
			isa = XCSwiftPackageProductDependency;
			productName = HammerspoonLibs;
		};
/* End XCSwiftPackageProductDependency section */
	};
	rootObject = 8112A2FF7DE18F4240DCA856 /* Project object */;
}
